
Microsoft Visual Studio Solution File, Format Version 12.00
# Visual Studio Version 17
VisualStudioVersion = 17.5.33502.453
MinimumVisualStudioVersion = 10.0.40219.1
Project("{FAE04EC0-301F-11D3-BF4B-00C04F79EFBC}") = "Tartarun2", "Tartarun2.csproj", "{F9B266CB-7901-4A52-93C1-C64100E4EEA7}"
EndProject
Global
	GlobalSection(SolutionConfigurationPlatforms) = preSolution
		Debug|Any CPU = Debug|Any CPU
		Release|Any CPU = Release|Any CPU
	EndGlobalSection
	GlobalSection(ProjectConfigurationPlatforms) = postSolution
		{F9B266CB-7901-4A52-93C1-C64100E4EEA7}.Debug|Any CPU.ActiveCfg = Debug|Any CPU
		{F9B266CB-7901-4A52-93C1-C64100E4EEA7}.Debug|Any CPU.Build.0 = Debug|Any CPU
		{F9B266CB-7901-4A52-93C1-C64100E4EEA7}.Release|Any CPU.ActiveCfg = Release|Any CPU
		{F9B266CB-7901-4A52-93C1-C64100E4EEA7}.Release|Any CPU.Build.0 = Release|Any CPU
	EndGlobalSection
	GlobalSection(SolutionProperties) = preSolution
		HideSolutionNode = FALSE
	EndGlobalSection
	GlobalSection(ExtensibilityGlobals) = postSolution
		SolutionGuid = {E7482DDD-F8BB-4E7A-87F8-ACEE947B8878}
	EndGlobalSection
EndGlobal
